
Microsoft Visual Studio Solution File, Format Version 12.00
# Visual Studio Version 18
VisualStudioVersion = 18.9.12120.119 stable
MinimumVisualStudioVersion = 10.0.40219.1
Project("{9A19103F-16F7-4668-BE54-9A1E7A4F7556}") = "IronNestAngleCalculator", "IronNestAngleCalculator.csproj", "{70A54E0B-0724-483E-8638-9B7AC841DD03}"
EndProject
Global
	GlobalSection(SolutionConfigurationPlatforms) = preSolution
		Debug|Any CPU = Debug|Any CPU
		Release|Any CPU = Release|Any CPU
	EndGlobalSection
	GlobalSection(ProjectConfigurationPlatforms) = postSolution
		{70A54E0B-0724-483E-8638-9B7AC841DD03}.Debug|Any CPU.ActiveCfg = Debug|Any CPU
		{70A54E0B-0724-483E-8638-9B7AC841DD03}.Debug|Any CPU.Build.0 = Debug|Any CPU
		{70A54E0B-0724-483E-8638-9B7AC841DD03}.Release|Any CPU.ActiveCfg = Release|Any CPU
		{70A54E0B-0724-483E-8638-9B7AC841DD03}.Release|Any CPU.Build.0 = Release|Any CPU
	EndGlobalSection
	GlobalSection(SolutionProperties) = preSolution
		HideSolutionNode = FALSE
	EndGlobalSection
	GlobalSection(ExtensibilityGlobals) = postSolution
		SolutionGuid = {6DB1F4C4-6967-447E-B1AC-E10125B2F086}
	EndGlobalSection
EndGlobal
